bozum amk bu bana ait değildir sadece nasıl atılır diye denme yaptım amk asdfghujuhfresrtyuıkjhgf 
    },
    "delayed-stream": {
      "version": "1.0.0",
      "resolved": "https://registry.npmjs.org/delayed-stream/-/delayed-stream-1.0.0.tgz",
      "integrity": "sha1-3zrhmayt+31ECqrgsp4icrJOxhk="
    },
    "discord.js": {
      "version": "12.5.3",
      "resolved": "https://registry.npmjs.org/discord.js/-/discord.js-12.5.3.tgz",
      "integrity": "sha512-D3nkOa/pCkNyn6jLZnAiJApw2N9XrIsXUAdThf01i7yrEuqUmDGc7/CexVWwEcgbQR97XQ+mcnqJpmJ/92B4Aw==",
      "requires": {
        "@discordjs/collection": "^0.1.6",
        "@discordjs/form-data": "^3.0.1",
        "abort-controller": "^3.0.0",
        "node-fetch": "^2.6.1",
        "prism-media": "^1.2.9",
        "setimmediate": "^1.0.5",
        "tweetnacl": "^1.0.3",
        "ws": "^7.4.4"
      }
    },
    "event-target-shim": {
      "version": "5.0.1",
      "resolved": "https://registry.npmjs.org/event-target-shim/-/event-target-shim-5.0.1.tgz",
      "integrity": "sha512-i/2XbnSz/uxRCU6+NdVJgKWDTM427+MqYbkQzD321DuCQJUqOuJKIA0IM2+W2xtYHdKOmZ4dR6fExsd4SXL+WQ=="
    },
    "init": {
      "version": "0.1.2",
      "resolved": "https://registry.npmjs.org/init/-/init-0.1.2.tgz",
      "integrity": "sha1-mIKsFScHvMun/iIHyN+AUIdcFQQ=",
      "requires": {
        "daemon": ">=0.3.0"
      }
    },
    "mime-db": {
      "version": "1.47.0",
      "resolved": "https://registry.npmjs.org/mime-db/-/mime-db-1.47.0.tgz",
      "integrity": "sha512-QBmA/G2y+IfeS4oktet3qRZ+P5kPhCKRXxXnQEudYqUaEioAU1/Lq2us3D/t1Jfo4hE9REQPrbB7K5sOczJVIw=="
    },
    "mime-types": {
      "version": "2.1.30",
      "resolved": "https://registry.npmjs.org/mime-types/-/mime-types-2.1.30.tgz",
      "integrity": "sha512-crmjA4bLtR8m9qLpHvgxSChT+XoSlZi8J4n/aIdn3z92e/U47Z0V/yl+Wh9W046GgFVAmoNR/fmdbZYcSSIUeg==",
      "requires": {
        "mime-db": "1.47.0"
      }
    },
    "node-fetch": {
      "version": "2.6.1",
      "resolved": "https://registry.npmjs.org/node-fetch/-/node-fetch-2.6.1.tgz",
      "integrity": "sha512-V4aYg89jEoVRxRb2fJdAg8FHvI7cEyYdVAh94HH0UIK8oJxUfkjlDQN9RbMx+bEjP7+ggMiFRprSti032Oipxw=="
    },
    "prism-media": {
      "version": "1.2.9",
      "resolved": "https://registry.npmjs.org/prism-media/-/prism-media-1.2.9.tgz",
      "integrity": "sha512-UHCYuqHipbTR1ZsXr5eg4JUmHER8Ss4YEb9Azn+9zzJ7/jlTtD1h0lc4g6tNx3eMlB8Mp6bfll0LPMAV4R6r3Q=="
    },
    "setimmediate": {
      "version": "1.0.5",
      "resolved": "https://registry.npmjs.org/setimmediate/-/setimmediate-1.0.5.tgz",
      "integrity": "sha1-KQy7Iy4waULX1+qbg3Mqt4VvgoU="
    },
    "tweetnacl": {
      "version": "1.0.3",
      "resolved": "https://registry.npmjs.org/tweetnacl/-/tweetnacl-1.0.3.tgz",
      "integrity": "sha512-6rt+RN7aOi1nGMyC4Xa5DdYiukl2UWCbcJft7YhxReBGQD7OAM8Pbxw6YMo4r2diNEA8FEmu32YOn9rhaiE5yw=="
    },
    "ws": {
      "version": "7.4.4",
      "resolved": "https://registry.npmjs.org/ws/-/ws-7.4.4.tgz",
      "integrity": "sha512-Qm8k8ojNQIMx7S+Zp8u/uHOx7Qazv3Yv4q68MiWWWOJhiwG5W3x7iqmRtJo8xxrciZUY4vRxUTJCKuRnF28ZZw=="
    }
  }
}
